
Microsoft Visual Studio Solution File, Format Version 12.00
# Visual Studio 14
VisualStudioVersion = 14.0.25420.1
MinimumVisualStudioVersion = 10.0.40219.1
Project("{2150E333-8FDC-42A3-9474-1A3956D46DE8}") = "src", "src", "{BD99BE90-D783-45AC-AE33-FE093494E708}"
EndProject
Project("{FAE04EC0-301F-11D3-BF4B-00C04F79EFBC}") = "lead-app", "src\lead-app\lead-app.csproj", "{116211A4-56A1-48A6-8F47-EE167854F91B}"
EndProject
Global
	GlobalSection(SolutionConfigurationPlatforms) = preSolution
		Debug|Any CPU = Debug|Any CPU
		Release|Any CPU = Release|Any CPU
	EndGlobalSection
	GlobalSection(ProjectConfigurationPlatforms) = postSolution
		{116211A4-56A1-48A6-8F47-EE167854F91B}.Debug|Any CPU.ActiveCfg = Debug|Any CPU
		{116211A4-56A1-48A6-8F47-EE167854F91B}.Debug|Any CPU.Build.0 = Debug|Any CPU
		{116211A4-56A1-48A6-8F47-EE167854F91B}.Release|Any CPU.ActiveCfg = Release|Any CPU
		{116211A4-56A1-48A6-8F47-EE167854F91B}.Release|Any CPU.Build.0 = Release|Any CPU
	EndGlobalSection
	GlobalSection(SolutionProperties) = preSolution
		HideSolutionNode = FALSE
	EndGlobalSection
	GlobalSection(NestedProjects) = preSolution
		{116211A4-56A1-48A6-8F47-EE167854F91B} = {BD99BE90-D783-45AC-AE33-FE093494E708}
	EndGlobalSection
EndGlobal
